Microsoft Visual Studio Solution File, Format Version 12.00
# Visual Studio Version 17
VisualStudioVersion = 17.5.2.0
MinimumVisualStudioVersion = 10.0.40219.1
Project("{FAE04EC0-301F-11D3-BF4B-00C04F79EFBC}") = "DDD-CQRS", "DDD-CQRS.csproj", "{55E57B61-78A2-7D95-AE6F-5128DA58D622}"
EndProject
Global
	GlobalSection(SolutionConfigurationPlatforms) = preSolution
		Debug|Any CPU = Debug|Any CPU
		Release|Any CPU = Release|Any CPU
	EndGlobalSection
	GlobalSection(ProjectConfigurationPlatforms) = postSolution
		{55E57B61-78A2-7D95-AE6F-5128DA58D622}.Debug|Any CPU.ActiveCfg = Debug|Any CPU
		{55E57B61-78A2-7D95-AE6F-5128DA58D622}.Debug|Any CPU.Build.0 = Debug|Any CPU
		{55E57B61-78A2-7D95-AE6F-5128DA58D622}.Release|Any CPU.ActiveCfg = Release|Any CPU
		{55E57B61-78A2-7D95-AE6F-5128DA58D622}.Release|Any CPU.Build.0 = Release|Any CPU
	EndGlobalSection
	GlobalSection(SolutionProperties) = preSolution
		HideSolutionNode = FALSE
	EndGlobalSection
	GlobalSection(ExtensibilityGlobals) = postSolution
		SolutionGuid = {BCBD0709-DF2C-46A2-837F-4CD3D76D23D6}
	EndGlobalSection
EndGlobal
